// !$*UTF8*$!
{
	archiveVersion = 1;
	classes = {
	};
	objectVersion = 48;
	objects = {

/* Begin PBXBuildFile section */
		7B19B11F20892CE800B41DC2 /* TransitionSegue1.swift in Sources */ = {isa = PBXBuildFile; fileRef = 7B19B11E20892CE800B41DC2 /* TransitionSegue1.swift */; };
		7B19B1212089319800B41DC2 /* PublishViewController.swift in Sources */ = {isa = PBXBuildFile; fileRef = 7B19B1202089319800B41DC2 /* PublishViewController.swift */; };
		7B19B1232089410600B41DC2 /* TabbarViewController.swift in Sources */ = {isa = PBXBuildFile; fileRef = 7B19B1222089410600B41DC2 /* TabbarViewController.swift */; };
		7B19B1252089477F00B41DC2 /* PostSelectionViewController.swift in Sources */ = {isa = PBXBuildFile; fileRef = 7B19B1242089477F00B41DC2 /* PostSelectionViewController.swift */; };
		7B19B127208C390400B41DC2 /* LoginViewController.swift in Sources */ = {isa = PBXBuildFile; fileRef = 7B19B126208C390400B41DC2 /* LoginViewController.swift */; };
		7BB9A0652087E7DA004ED0DB /* ProfileViewController.swift in Sources */ = {isa = PBXBuildFile; fileRef = 7BB9A0642087E7DA004ED0DB /* ProfileViewController.swift */; };
		7BB9A0672087F247004ED0DB /* Property.swift in Sources */ = {isa = PBXBuildFile; fileRef = 7BB9A0662087F247004ED0DB /* Property.swift */; };
		7BDF861E2086C32E00F23CCE /* AppDelegate.swift in Sources */ = {isa = PBXBuildFile; fileRef = 7BDF861D2086C32E00F23CCE /* AppDelegate.swift */; };
		7BDF86202086C32E00F23CCE /* ViewController.swift in Sources */ = {isa = PBXBuildFile; fileRef = 7BDF861F2086C32E00F23CCE /* ViewController.swift */; };
		7BDF86232086C32E00F23CCE /* Main.storyboard in Resources */ = {isa = PBXBuildFile; fileRef = 7BDF86212086C32E00F23CCE /* Main.storyboard */; };
		7BDF86252086C32E00F23CCE /* Assets.xcassets in Resources */ = {isa = PBXBuildFile; fileRef = 7BDF86242086C32E00F23CCE /* Assets.xcassets */; };
		7BDF86282086C32E00F23CCE /* LaunchScreen.storyboard in Resources */ = {isa = PBXBuildFile; fileRef = 7BDF86262086C32E00F23CCE /* LaunchScreen.storyboard */; };
/* End PBXBuildFile section */

/* Begin PBXFileReference section */
		7B19B11E20892CE800B41DC2 /* TransitionSegue1.swift */ = {isa = PBXFileReference; lastKnownFileType = sourcecode.swift; path = TransitionSegue1.swift; sourceTree = "<group>"; };
		7B19B1202089319800B41DC2 /* PublishViewController.swift */ = {isa = PBXFileReference; lastKnownFileType = sourcecode.swift; path = PublishViewController.swift; sourceTree = "<group>"; };
		7B19B1222089410600B41DC2 /* TabbarViewController.swift */ = {isa = PBXFileReference; lastKnownFileType = sourcecode.swift; path = TabbarViewController.swift; sourceTree = "<group>"; };
		7B19B1242089477F00B41DC2 /* PostSelectionViewController.swift */ = {isa = PBXFileReference; lastKnownFileType = sourcecode.swift; path = PostSelectionViewController.swift; sourceTree = "<group>"; };
		7B19B126208C390400B41DC2 /* LoginViewController.swift */ = {isa = PBXFileReference; lastKnownFileType = sourcecode.swift; path = LoginViewController.swift; sourceTree = "<group>"; };
		7BB9A0642087E7DA004ED0DB /* ProfileViewController.swift */ = {isa = PBXFileReference; lastKnownFileType = sourcecode.swift; path = ProfileViewController.swift; sourceTree = "<group>"; };
		7BB9A0662087F247004ED0DB /* Property.swift */ = {isa = PBXFileReference; lastKnownFileType = sourcecode.swift; path = Property.swift; sourceTree = "<group>"; };
		7BDF861A2086C32E00F23CCE /* House Rental & Second-hand Furniture Sales.app */ = {isa = PBXFileReference; explicitFileType = wrapper.application; includeInIndex = 0; path = "House Rental & Second-hand Furniture Sales.app"; sourceTree = BUILT_PRODUCTS_DIR; };
		7BDF861D2086C32E00F23CCE /* AppDelegate.swift */ = {isa = PBXFileReference; lastKnownFileType = sourcecode.swift; path = AppDelegate.swift; sourceTree = "<group>"; };
		7BDF861F2086C32E00F23CCE /* ViewController.swift */ = {isa = PBXFileReference; lastKnownFileType = sourcecode.swift; path = ViewController.swift; sourceTree = "<group>"; };
		7BDF86222086C32E00F23CCE /* Base */ = {isa = PBXFileReference; lastKnownFileType = file.storyboard; name = Base; path = Base.lproj/Main.storyboard; sourceTree = "<group>"; };
		7BDF86242086C32E00F23CCE /* Assets.xcassets */ = {isa = PBXFileReference; lastKnownFileType = folder.assetcatalog; path = Assets.xcassets; sourceTree = "<group>"; };
		7BDF86272086C32E00F23CCE /* Base */ = {isa = PBXFileReference; lastKnownFileType = file.storyboard; name = Base; path = Base.lproj/LaunchScreen.storyboard; sourceTree = "<group>"; };
		7BDF86292086C32E00F23CCE /* Info.plist */ = {isa = PBXFileReference; lastKnownFileType = text.plist.xml; path = Info.plist; sourceTree = "<group>"; };
/* End PBXFileReference section */

/* Begin PBXFrameworksBuildPhase section */
		7BDF86172086C32E00F23CCE /* Frameworks */ = {
			isa = PBXFrameworksBuildPhase;
			buildActionMask = 2147483647;
			files = (
			);
			runOnlyForDeploymentPostprocessing = 0;
		};
/* End PBXFrameworksBuildPhase section */

/* Begin PBXGroup section */
		7BDF86112086C32E00F23CCE = {
			isa = PBXGroup;
			children = (
				7BDF861C2086C32E00F23CCE /* House Rental & Second-hand Furniture Sales */,
				7BDF861B2086C32E00F23CCE /* Products */,
			);
			sourceTree = "<group>";
		};
		7BDF861B2086C32E00F23CCE /* Products */ = {
			isa = PBXGroup;
			children = (
				7BDF861A2086C32E00F23CCE /* House Rental & Second-hand Furniture Sales.app */,
			);
			name = Products;
			sourceTree = "<group>";
		};
		7BDF861C2086C32E00F23CCE /* House Rental & Second-hand Furniture Sales */ = {
			isa = PBXGroup;
			children = (
				7BDF861D2086C32E00F23CCE /* AppDelegate.swift */,
				7BDF861F2086C32E00F23CCE /* ViewController.swift */,
				7BDF86212086C32E00F23CCE /* Main.storyboard */,
				7BDF86242086C32E00F23CCE /* Assets.xcassets */,
				7BDF86262086C32E00F23CCE /* LaunchScreen.storyboard */,
				7BDF86292086C32E00F23CCE /* Info.plist */,
				7BB9A0642087E7DA004ED0DB /* ProfileViewController.swift */,
				7BB9A0662087F247004ED0DB /* Property.swift */,
				7B19B11E20892CE800B41DC2 /* TransitionSegue1.swift */,
				7B19B1202089319800B41DC2 /* PublishViewController.swift */,
				7B19B1222089410600B41DC2 /* TabbarViewController.swift */,
				7B19B1242089477F00B41DC2 /* PostSelectionViewController.swift */,
				7B19B126208C390400B41DC2 /* LoginViewController.swift */,
			);
			path = "House Rental & Second-hand Furniture Sales";
			sourceTree = "<group>";
		};
/* End PBXGroup section */

/* Begin PBXNativeTarget section */
		7BDF86192086C32E00F23CCE /* House Rental & Second-hand Furniture Sales */ = {
			isa = PBXNativeTarget;
			buildConfigurationList = 7BDF862C2086C32E00F23CCE /* Build configuration list for PBXNativeTarget "House Rental & Second-hand Furniture Sales" */;
			buildPhases = (
				7BDF86162086C32E00F23CCE /* Sources */,
				7BDF86172086C32E00F23CCE /* Frameworks */,
				7BDF86182086C32E00F23CCE /* Resources */,
			);
			buildRules = (
			);
			dependencies = (
			);
			name = "House Rental & Second-hand Furniture Sales";
			productName = "House Rental & Second-hand Furniture Sales";
			productReference = 7BDF861A2086C32E00F23CCE /* House Rental & Second-hand Furniture Sales.app */;
			productType = "com.apple.product-type.application";
		};
/* End PBXNativeTarget section */

/* Begin PBXProject section */
		7BDF86122086C32E00F23CCE /* Project object */ = {
			isa = PBXProject;
			attributes = {
				LastSwiftUpdateCheck = 0920;
				LastUpgradeCheck = 0920;
				ORGANIZATIONNAME = "Northeastern University";
				TargetAttributes = {
					7BDF86192086C32E00F23CCE = {
						CreatedOnToolsVersion = 9.2;
						ProvisioningStyle = Automatic;
					};
				};
			};
			buildConfigurationList = 7BDF86152086C32E00F23CCE /* Build configuration list for PBXProject "House Rental & Second-hand Furniture Sales" */;
			compatibilityVersion = "Xcode 8.0";
			developmentRegion = en;
			hasScannedForEncodings = 0;
			knownRegions = (
				en,
				Base,
			);
			mainGroup = 7BDF86112086C32E00F23CCE;
			productRefGroup = 7BDF861B2086C32E00F23CCE /* Products */;
			projectDirPath = "";
			projectRoot = "";
			targets = (
				7BDF86192086C32E00F23CCE /* House Rental & Second-hand Furniture Sales */,
			);
		};
/* End PBXProject section */

/* Begin PBXResourcesBuildPhase section */
		7BDF86182086C32E00F23CCE /* Resources */ = {
			isa = PBXResourcesBuildPhase;
			buildActionMask = 2147483647;
			files = (
				7BDF86282086C32E00F23CCE /* LaunchScreen.storyboard in Resources */,
				7BDF86252086C32E00F23CCE /* Assets.xcassets in Resources */,
				7BDF86232086C32E00F23CCE /* Main.storyboard in Resources */,
			);
			runOnlyForDeploymentPostprocessing = 0;
		};
/* End PBXResourcesBuildPhase section */

/* Begin PBXSourcesBuildPhase section */
		7BDF86162086C32E00F23CCE /* Sources */ = {
			isa = PBXSourcesBuildPhase;
			buildActionMask = 2147483647;
			files = (
				7B19B127208C390400B41DC2 /* LoginViewController.swift in Sources */,
				7BB9A0652087E7DA004ED0DB /* ProfileViewController.swift in Sources */,
				7BDF86202086C32E00F23CCE /* ViewController.swift in Sources */,
				7B19B1232089410600B41DC2 /* TabbarViewController.swift in Sources */,
				7B19B1212089319800B41DC2 /* PublishViewController.swift in Sources */,
				7B19B11F20892CE800B41DC2 /* TransitionSegue1.swift in Sources */,
				7B19B1252089477F00B41DC2 /* PostSelectionViewController.swift in Sources */,
				7BB9A0672087F247004ED0DB /* Property.swift in Sources */,
				7BDF861E2086C32E00F23CCE /* AppDelegate.swift in Sources */,
			);
			runOnlyForDeploymentPostprocessing = 0;
		};
/* End PBXSourcesBuildPhase section */

/* Begin PBXVariantGroup section */
		7BDF86212086C32E00F23CCE /* Main.storyboard */ = {
			isa = PBXVariantGroup;
			children = (
				7BDF86222086C32E00F23CCE /* Base */,
			);
			name = Main.storyboard;
			sourceTree = "<group>";
		};
		7BDF86262086C32E00F23CCE /* LaunchScreen.storyboard */ = {
			isa = PBXVariantGroup;
			children = (
				7BDF86272086C32E00F23CCE /* Base */,
			);
			name = LaunchScreen.storyboard;
			sourceTree = "<group>";
		};
/* End PBXVariantGroup section */

/* Begin XCBuildConfiguration section */
		7BDF862A2086C32E00F23CCE /* Debug */ = {
			isa = XCBuildConfiguration;
			buildSettings = {
				ALWAYS_SEARCH_USER_PATHS = NO;
				CLANG_ANALYZER_NONNULL = YES;
				CLANG_ANALYZER_NUMBER_OBJECT_CONVERSION = YES_AGGRESSIVE;
				CLANG_CXX_LANGUAGE_STANDARD = "gnu++14";
				CLANG_CXX_LIBRARY = "libc++";
				CLANG_ENABLE_MODULES = YES;
				CLANG_ENABLE_OBJC_ARC = YES;
				CLANG_WARN_BLOCK_CAPTURE_AUTORELEASING = YES;
				CLANG_WARN_BOOL_CONVERSION = YES;
				CLANG_WARN_COMMA = YES;
				CLANG_WARN_CONSTANT_CONVERSION = YES;
				CLANG_WARN_DIRECT_OBJC_ISA_USAGE = YES_ERROR;
				CLANG_WARN_DOCUMENTATION_COMMENTS = YES;
				CLANG_WARN_EMPTY_BODY = YES;
				CLANG_WARN_ENUM_CONVERSION = YES;
				CLANG_WARN_INFINITE_RECURSION = YES;
				CLANG_WARN_INT_CONVERSION = YES;
				CLANG_WARN_NON_LITERAL_NULL_CONVERSION = YES;
				CLANG_WARN_OBJC_LITERAL_CONVERSION = YES;
				CLANG_WARN_OBJC_ROOT_CLASS = YES_ERROR;
				CLANG_WARN_RANGE_LOOP_ANALYSIS = YES;
				CLANG_WARN_STRICT_PROTOTYPES = YES;
				CLANG_WARN_SUSPICIOUS_MOVE = YES;
				CLANG_WARN_UNGUARDED_AVAILABILITY = YES_AGGRESSIVE;
				CLANG_WARN_UNREACHABLE_CODE = YES;
				CLANG_WARN__DUPLICATE_METHOD_MATCH = YES;
				CODE_SIGN_IDENTITY = "iPhone Developer";
				COPY_PHASE_STRIP = NO;
				DEBUG_INFORMATION_FORMAT = dwarf;
				ENABLE_STRICT_OBJC_MSGSEND = YES;
				ENABLE_TESTABILITY = YES;
				GCC_C_LANGUAGE_STANDARD = gnu11;
				GCC_DYNAMIC_NO_PIC = NO;
				GCC_NO_COMMON_BLOCKS = YES;
				GCC_OPTIMIZATION_LEVEL = 0;
				GCC_PREPROCESSOR_DEFINITIONS = (
					"DEBUG=1",
					"$(inherited)",
				);
				GCC_WARN_64_TO_32_BIT_CONVERSION = YES;
				GCC_WARN_ABOUT_RETURN_TYPE = YES_ERROR;
				GCC_WARN_UNDECLARED_SELECTOR = YES;
				GCC_WARN_UNINITIALIZED_AUTOS = YES_AGGRESSIVE;
				GCC_WARN_UNUSED_FUNCTION = YES;
				GCC_WARN_UNUSED_VARIABLE = YES;
				IPHONEOS_DEPLOYMENT_TARGET = 11.2;
				MTL_ENABLE_DEBUG_INFO = YES;
				ONLY_ACTIVE_ARCH = YES;
				SDKROOT = iphoneos;
				SWIFT_ACTIVE_COMPILATION_CONDITIONS = DEBUG;
				SWIFT_OPTIMIZATION_LEVEL = "-Onone";
			};
			name = Debug;
		};
		7BDF862B2086C32E00F23CCE /* Release */ = {
			isa = XCBuildConfiguration;
			buildSettings = {
				ALWAYS_SEARCH_USER_PATHS = NO;
				CLANG_ANALYZER_NONNULL = YES;
				CLANG_ANALYZER_NUMBER_OBJECT_CONVERSION = YES_AGGRESSIVE;
				CLANG_CXX_LANGUAGE_STANDARD = "gnu++14";
				CLANG_CXX_LIBRARY = "libc++";
				CLANG_ENABLE_MODULES = YES;
				CLANG_ENABLE_OBJC_ARC = YES;
				CLANG_WARN_BLOCK_CAPTURE_AUTORELEASING = YES;
				CLANG_WARN_BOOL_CONVERSION = YES;
				CLANG_WARN_COMMA = YES;
				CLANG_WARN_CONSTANT_CONVERSION = YES;
				CLANG_WARN_DIRECT_OBJC_ISA_USAGE = YES_ERROR;
				CLANG_WARN_DOCUMENTATION_COMMENTS = YES;
				CLANG_WARN_EMPTY_BODY = YES;
				CLANG_WARN_ENUM_CONVERSION = YES;
				CLANG_WARN_INFINITE_RECURSION = YES;
				CLANG_WARN_INT_CONVERSION = YES;
				CLANG_WARN_NON_LITERAL_NULL_CONVERSION = YES;
				CLANG_WARN_OBJC_LITERAL_CONVERSION = YES;
				CLANG_WARN_OBJC_ROOT_CLASS = YES_ERROR;
				CLANG_WARN_RANGE_LOOP_ANALYSIS = YES;
				CLANG_WARN_STRICT_PROTOTYPES = YES;
				CLANG_WARN_SUSPICIOUS_MOVE = YES;
				CLANG_WARN_UNGUARDED_AVAILABILITY = YES_AGGRESSIVE;
				CLANG_WARN_UNREACHABLE_CODE = YES;
				CLANG_WARN__DUPLICATE_METHOD_MATCH = YES;
				CODE_SIGN_IDENTITY = "iPhone Developer";
				COPY_PHASE_STRIP = NO;
				DEBUG_INFORMATION_FORMAT = "dwarf-with-dsym";
				ENABLE_NS_ASSERTIONS = NO;
				ENABLE_STRICT_OBJC_MSGSEND = YES;
				GCC_C_LANGUAGE_STANDARD = gnu11;
				GCC_NO_COMMON_BLOCKS = YES;
				GCC_WARN_64_TO_32_BIT_CONVERSION = YES;
				GCC_WARN_ABOUT_RETURN_TYPE = YES_ERROR;
				GCC_WARN_UNDECLARED_SELECTOR = YES;
				GCC_WARN_UNINITIALIZED_AUTOS = YES_AGGRESSIVE;
				GCC_WARN_UNUSED_FUNCTION = YES;
				GCC_WARN_UNUSED_VARIABLE = YES;
				IPHONEOS_DEPLOYMENT_TARGET = 11.2;
				MTL_ENABLE_DEBUG_INFO = NO;
				SDKROOT = iphoneos;
				SWIFT_OPTIMIZATION_LEVEL = "-Owholemodule";
				VALIDATE_PRODUCT = YES;
			};
			name = Release;
		};
		7BDF862D2086C32E00F23CCE /* Debug */ = {
			isa = XCBuildConfiguration;
			buildSettings = {
				ASSETCATALOG_COMPILER_APPICON_NAME = AppIcon;
				CODE_SIGN_STYLE = Automatic;
				DEVELOPMENT_TEAM = 6NP7954393;
				INFOPLIST_FILE = "House Rental & Second-hand Furniture Sales/Info.plist";
				LD_RUNPATH_SEARCH_PATHS = "$(inherited) @executable_path/Frameworks";
				PRODUCT_BUNDLE_IDENTIFIER = "com.thinkofsomethingclever.House-Rental---Second-hand-Furniture-Sales";
				PRODUCT_NAME = "$(TARGET_NAME)";
				SWIFT_VERSION = 4.0;
				TARGETED_DEVICE_FAMILY = "1,2";
			};
			name = Debug;
		};
		7BDF862E2086C32E00F23CCE /* Release */ = {
			isa = XCBuildConfiguration;
			buildSettings = {
				ASSETCATALOG_COMPILER_APPICON_NAME = AppIcon;
				CODE_SIGN_STYLE = Automatic;
				DEVELOPMENT_TEAM = 6NP7954393;
				INFOPLIST_FILE = "House Rental & Second-hand Furniture Sales/Info.plist";
				LD_RUNPATH_SEARCH_PATHS = "$(inherited) @executable_path/Frameworks";
				PRODUCT_BUNDLE_IDENTIFIER = "com.thinkofsomethingclever.House-Rental---Second-hand-Furniture-Sales";
				PRODUCT_NAME = "$(TARGET_NAME)";
				SWIFT_VERSION = 4.0;
				TARGETED_DEVICE_FAMILY = "1,2";
			};
			name = Release;
		};
/* End XCBuildConfiguration section */

/* Begin XCConfigurationList section */
		7BDF86152086C32E00F23CCE /* Build configuration list for PBXProject "House Rental & Second-hand Furniture Sales" */ = {
			isa = XCConfigurationList;
			buildConfigurations = (
				7BDF862A2086C32E00F23CCE /* Debug */,
				7BDF862B2086C32E00F23CCE /* Release */,
			);
			defaultConfigurationIsVisible = 0;
			defaultConfigurationName = Release;
		};
		7BDF862C2086C32E00F23CCE /* Build configuration list for PBXNativeTarget "House Rental & Second-hand Furniture Sales" */ = {
			isa = XCConfigurationList;
			buildConfigurations = (
				7BDF862D2086C32E00F23CCE /* Debug */,
				7BDF862E2086C32E00F23CCE /* Release */,
			);
			defaultConfigurationIsVisible = 0;
			defaultConfigurationName = Release;
		};
/* End XCConfigurationList section */
	};
	rootObject = 7BDF86122086C32E00F23CCE /* Project object */;
}
